// !$*UTF8*$!
{
	archiveVersion = 1;
	classes = {
	};
	objectVersion = 50;
	objects = {

/* Begin PBXBuildFile section */
		2E43ADA2218CB9540005E43D /* AppDelegate.swift in Sources */ = {isa = PBXBuildFile; fileRef = 2E43ADA1218CB9540005E43D /* AppDelegate.swift */; };
		2E43ADA4218CB9540005E43D /* DrinkViewController.swift in Sources */ = {isa = PBXBuildFile; fileRef = 2E43ADA3218CB9540005E43D /* DrinkViewController.swift */; };
		2E43ADA7218CB9540005E43D /* Main.storyboard in Resources */ = {isa = PBXBuildFile; fileRef = 2E43ADA5218CB9540005E43D /* Main.storyboard */; };
		2E43ADA9218CB9560005E43D /* Assets.xcassets in Resources */ = {isa = PBXBuildFile; fileRef = 2E43ADA8218CB9560005E43D /* Assets.xcassets */; };
		2E7CA44F218DE15600D91F47 /* Drink.swift in Sources */ = {isa = PBXBuildFile; fileRef = 2E7CA44E218DE15600D91F47 /* Drink.swift */; };
		2EEF5A22218F9B8700C0D0B7 /* DrinkTableViewCell.swift in Sources */ = {isa = PBXBuildFile; fileRef = 2EEF5A21218F9B8700C0D0B7 /* DrinkTableViewCell.swift */; };
		2EEF5A24218FA09000C0D0B7 /* DrinkTableViewController.swift in Sources */ = {isa = PBXBuildFile; fileRef = 2EEF5A23218FA09000C0D0B7 /* DrinkTableViewController.swift */; };
		BF29082D2190BCF7006D323D /* MenuViewController.swift in Sources */ = {isa = PBXBuildFile; fileRef = BF29082C2190BCF7006D323D /* MenuViewController.swift */; };
/* End PBXBuildFile section */

/* Begin PBXFileReference section */
		2E43AD9E218CB9540005E43D /* Drinks on Geoff.app */ = {isa = PBXFileReference; explicitFileType = wrapper.application; includeInIndex = 0; path = "Drinks on Geoff.app"; sourceTree = BUILT_PRODUCTS_DIR; };
		2E43ADA1218CB9540005E43D /* AppDelegate.swift */ = {isa = PBXFileReference; lastKnownFileType = sourcecode.swift; path = AppDelegate.swift; sourceTree = "<group>"; };
		2E43ADA3218CB9540005E43D /* DrinkViewController.swift */ = {isa = PBXFileReference; lastKnownFileType = sourcecode.swift; path = DrinkViewController.swift; sourceTree = "<group>"; };
		2E43ADA6218CB9540005E43D /* Base */ = {isa = PBXFileReference; lastKnownFileType = file.storyboard; name = Base; path = Base.lproj/Main.storyboard; sourceTree = "<group>"; };
		2E43ADA8218CB9560005E43D /* Assets.xcassets */ = {isa = PBXFileReference; lastKnownFileType = folder.assetcatalog; path = Assets.xcassets; sourceTree = "<group>"; };
		2E43ADAD218CB9560005E43D /* Info.plist */ = {isa = PBXFileReference; lastKnownFileType = text.plist.xml; path = Info.plist; sourceTree = "<group>"; };
		2E7CA44E218DE15600D91F47 /* Drink.swift */ = {isa = PBXFileReference; lastKnownFileType = sourcecode.swift; path = Drink.swift; sourceTree = "<group>"; };
		2EEF5A21218F9B8700C0D0B7 /* DrinkTableViewCell.swift */ = {isa = PBXFileReference; lastKnownFileType = sourcecode.swift; path = DrinkTableViewCell.swift; sourceTree = "<group>"; };
		2EEF5A23218FA09000C0D0B7 /* DrinkTableViewController.swift */ = {isa = PBXFileReference; lastKnownFileType = sourcecode.swift; path = DrinkTableViewController.swift; sourceTree = "<group>"; };
		BF29082C2190BCF7006D323D /* MenuViewController.swift */ = {isa = PBXFileReference; lastKnownFileType = sourcecode.swift; path = MenuViewController.swift; sourceTree = "<group>"; };
/* End PBXFileReference section */

/* Begin PBXFrameworksBuildPhase section */
		2E43AD9B218CB9540005E43D /* Frameworks */ = {
			isa = PBXFrameworksBuildPhase;
			buildActionMask = 2147483647;
			files = (
			);
			runOnlyForDeploymentPostprocessing = 0;
		};
/* End PBXFrameworksBuildPhase section */

/* Begin PBXGroup section */
		2E43AD95218CB9540005E43D = {
			isa = PBXGroup;
			children = (
				2E43ADA0218CB9540005E43D /* Drinks on Geoff */,
				2E43AD9F218CB9540005E43D /* Products */,
			);
			sourceTree = "<group>";
		};
		2E43AD9F218CB9540005E43D /* Products */ = {
			isa = PBXGroup;
			children = (
				2E43AD9E218CB9540005E43D /* Drinks on Geoff.app */,
			);
			name = Products;
			sourceTree = "<group>";
		};
		2E43ADA0218CB9540005E43D /* Drinks on Geoff */ = {
			isa = PBXGroup;
			children = (
				2E7CA44E218DE15600D91F47 /* Drink.swift */,
				2EEF5A21218F9B8700C0D0B7 /* DrinkTableViewCell.swift */,
				2E43ADA1218CB9540005E43D /* AppDelegate.swift */,
				BF29082C2190BCF7006D323D /* MenuViewController.swift */,
				2E43ADA3218CB9540005E43D /* DrinkViewController.swift */,
				2EEF5A23218FA09000C0D0B7 /* DrinkTableViewController.swift */,
				2E43ADA5218CB9540005E43D /* Main.storyboard */,
				2E43ADA8218CB9560005E43D /* Assets.xcassets */,
				2E43ADAD218CB9560005E43D /* Info.plist */,
			);
			path = "Drinks on Geoff";
			sourceTree = "<group>";
		};
/* End PBXGroup section */

/* Begin PBXNativeTarget section */
		2E43AD9D218CB9540005E43D /* Drinks on Geoff */ = {
			isa = PBXNativeTarget;
			buildConfigurationList = 2E43ADB0218CB9560005E43D /* Build configuration list for PBXNativeTarget "Drinks on Geoff" */;
			buildPhases = (
				2E43AD9A218CB9540005E43D /* Sources */,
				2E43AD9B218CB9540005E43D /* Frameworks */,
				2E43AD9C218CB9540005E43D /* Resources */,
			);
			buildRules = (
			);
			dependencies = (
			);
			name = "Drinks on Geoff";
			productName = "Drinks on Geoff";
			productReference = 2E43AD9E218CB9540005E43D /* Drinks on Geoff.app */;
			productType = "com.apple.product-type.application";
		};
/* End PBXNativeTarget section */

/* Begin PBXProject section */
		2E43AD96218CB9540005E43D /* Project object */ = {
			isa = PBXProject;
			attributes = {
				LastSwiftUpdateCheck = 1010;
				LastUpgradeCheck = 1010;
				ORGANIZATIONNAME = "Pearse Moloney";
				TargetAttributes = {
					2E43AD9D218CB9540005E43D = {
						CreatedOnToolsVersion = 10.1;
					};
				};
			};
			buildConfigurationList = 2E43AD99218CB9540005E43D /* Build configuration list for PBXProject "Drinks on Geoff" */;
			compatibilityVersion = "Xcode 9.3";
			developmentRegion = en;
			hasScannedForEncodings = 0;
			knownRegions = (
				en,
				Base,
			);
			mainGroup = 2E43AD95218CB9540005E43D;
			productRefGroup = 2E43AD9F218CB9540005E43D /* Products */;
			projectDirPath = "";
			projectRoot = "";
			targets = (
				2E43AD9D218CB9540005E43D /* Drinks on Geoff */,
			);
		};
/* End PBXProject section */

/* Begin PBXResourcesBuildPhase section */
		2E43AD9C218CB9540005E43D /* Resources */ = {
			isa = PBXResourcesBuildPhase;
			buildActionMask = 2147483647;
			files = (
				2E43ADA9218CB9560005E43D /* Assets.xcassets in Resources */,
				2E43ADA7218CB9540005E43D /* Main.storyboard in Resources */,
			);
			runOnlyForDeploymentPostprocessing = 0;
		};
/* End PBXResourcesBuildPhase section */

/* Begin PBXSourcesBuildPhase section */
		2E43AD9A218CB9540005E43D /* Sources */ = {
			isa = PBXSourcesBuildPhase;
			buildActionMask = 2147483647;
			files = (
				2E43ADA4218CB9540005E43D /* DrinkViewController.swift in Sources */,
				BF29082D2190BCF7006D323D /* MenuViewController.swift in Sources */,
				2EEF5A24218FA09000C0D0B7 /* DrinkTableViewController.swift in Sources */,
				2E7CA44F218DE15600D91F47 /* Drink.swift in Sources */,
				2EEF5A22218F9B8700C0D0B7 /* DrinkTableViewCell.swift in Sources */,
				2E43ADA2218CB9540005E43D /* AppDelegate.swift in Sources */,
			);
			runOnlyForDeploymentPostprocessing = 0;
		};
/* End PBXSourcesBuildPhase section */

/* Begin PBXVariantGroup section */
		2E43ADA5218CB9540005E43D /* Main.storyboard */ = {
			isa = PBXVariantGroup;
			children = (
				2E43ADA6218CB9540005E43D /* Base */,
			);
			name = Main.storyboard;
			sourceTree = "<group>";
		};
/* End PBXVariantGroup section */

/* Begin XCBuildConfiguration section */
		2E43ADAE218CB9560005E43D /* Debug */ = {
			isa = XCBuildConfiguration;
			buildSettings = {
				ALWAYS_SEARCH_USER_PATHS = NO;
				CLANG_ANALYZER_NONNULL = YES;
				CLANG_ANALYZER_NUMBER_OBJECT_CONVERSION = YES_AGGRESSIVE;
				CLANG_CXX_LANGUAGE_STANDARD = "gnu++14";
				CLANG_CXX_LIBRARY = "libc++";
				CLANG_ENABLE_MODULES = YES;
				CLANG_ENABLE_OBJC_ARC = YES;
				CLANG_ENABLE_OBJC_WEAK = YES;
				CLANG_WARN_BLOCK_CAPTURE_AUTORELEASING = YES;
				CLANG_WARN_BOOL_CONVERSION = YES;
				CLANG_WARN_COMMA = YES;
				CLANG_WARN_CONSTANT_CONVERSION = YES;
				CLANG_WARN_DEPRECATED_OBJC_IMPLEMENTATIONS = YES;
				CLANG_WARN_DIRECT_OBJC_ISA_USAGE = YES_ERROR;
				CLANG_WARN_DOCUMENTATION_COMMENTS = YES;
				CLANG_WARN_EMPTY_BODY = YES;
				CLANG_WARN_ENUM_CONVERSION = YES;
				CLANG_WARN_INFINITE_RECURSION = YES;
				CLANG_WARN_INT_CONVERSION = YES;
				CLANG_WARN_NON_LITERAL_NULL_CONVERSION = YES;
				CLANG_WARN_OBJC_IMPLICIT_RETAIN_SELF = YES;
				CLANG_WARN_OBJC_LITERAL_CONVERSION = YES;
				CLANG_WARN_OBJC_ROOT_CLASS = YES_ERROR;
				CLANG_WARN_RANGE_LOOP_ANALYSIS = YES;
				CLANG_WARN_STRICT_PROTOTYPES = YES;
				CLANG_WARN_SUSPICIOUS_MOVE = YES;
				CLANG_WARN_UNGUARDED_AVAILABILITY = YES_AGGRESSIVE;
				CLANG_WARN_UNREACHABLE_CODE = YES;
				CLANG_WARN__DUPLICATE_METHOD_MATCH = YES;
				CODE_SIGN_IDENTITY = "iPhone Developer";
				COPY_PHASE_STRIP = NO;
				DEBUG_INFORMATION_FORMAT = dwarf;
				ENABLE_STRICT_OBJC_MSGSEND = YES;
				ENABLE_TESTABILITY = YES;
				GCC_C_LANGUAGE_STANDARD = gnu11;
				GCC_DYNAMIC_NO_PIC = NO;
				GCC_NO_COMMON_BLOCKS = YES;
				GCC_OPTIMIZATION_LEVEL = 0;
				GCC_PREPROCESSOR_DEFINITIONS = (
					"DEBUG=1",
					"$(inherited)",
				);
				GCC_WARN_64_TO_32_BIT_CONVERSION = YES;
				GCC_WARN_ABOUT_RETURN_TYPE = YES_ERROR;
				GCC_WARN_UNDECLARED_SELECTOR = YES;
				GCC_WARN_UNINITIALIZED_AUTOS = YES_AGGRESSIVE;
				GCC_WARN_UNUSED_FUNCTION = YES;
				GCC_WARN_UNUSED_VARIABLE = YES;
				IPHONEOS_DEPLOYMENT_TARGET = 12.1;
				MTL_ENABLE_DEBUG_INFO = INCLUDE_SOURCE;
				MTL_FAST_MATH = YES;
				ONLY_ACTIVE_ARCH = YES;
				SDKROOT = iphoneos;
				SWIFT_ACTIVE_COMPILATION_CONDITIONS = DEBUG;
				SWIFT_OPTIMIZATION_LEVEL = "-Onone";
			};
			name = Debug;
		};
		2E43ADAF218CB9560005E43D /* Release */ = {
			isa = XCBuildConfiguration;
			buildSettings = {
				ALWAYS_SEARCH_USER_PATHS = NO;
				CLANG_ANALYZER_NONNULL = YES;
				CLANG_ANALYZER_NUMBER_OBJECT_CONVERSION = YES_AGGRESSIVE;
				CLANG_CXX_LANGUAGE_STANDARD = "gnu++14";
				CLANG_CXX_LIBRARY = "libc++";
				CLANG_ENABLE_MODULES = YES;
				CLANG_ENABLE_OBJC_ARC = YES;
				CLANG_ENABLE_OBJC_WEAK = YES;
				CLANG_WARN_BLOCK_CAPTURE_AUTORELEASING = YES;
				CLANG_WARN_BOOL_CONVERSION = YES;
				CLANG_WARN_COMMA = YES;
				CLANG_WARN_CONSTANT_CONVERSION = YES;
				CLANG_WARN_DEPRECATED_OBJC_IMPLEMENTATIONS = YES;
				CLANG_WARN_DIRECT_OBJC_ISA_USAGE = YES_ERROR;
				CLANG_WARN_DOCUMENTATION_COMMENTS = YES;
				CLANG_WARN_EMPTY_BODY = YES;
				CLANG_WARN_ENUM_CONVERSION = YES;
				CLANG_WARN_INFINITE_RECURSION = YES;
				CLANG_WARN_INT_CONVERSION = YES;
				CLANG_WARN_NON_LITERAL_NULL_CONVERSION = YES;
				CLANG_WARN_OBJC_IMPLICIT_RETAIN_SELF = YES;
				CLANG_WARN_OBJC_LITERAL_CONVERSION = YES;
				CLANG_WARN_OBJC_ROOT_CLASS = YES_ERROR;
				CLANG_WARN_RANGE_LOOP_ANALYSIS = YES;
				CLANG_WARN_STRICT_PROTOTYPES = YES;
				CLANG_WARN_SUSPICIOUS_MOVE = YES;
				CLANG_WARN_UNGUARDED_AVAILABILITY = YES_AGGRESSIVE;
				CLANG_WARN_UNREACHABLE_CODE = YES;
				CLANG_WARN__DUPLICATE_METHOD_MATCH = YES;
				CODE_SIGN_IDENTITY = "iPhone Developer";
				COPY_PHASE_STRIP = NO;
				DEBUG_INFORMATION_FORMAT = "dwarf-with-dsym";
				ENABLE_NS_ASSERTIONS = NO;
				ENABLE_STRICT_OBJC_MSGSEND = YES;
				GCC_C_LANGUAGE_STANDARD = gnu11;
				GCC_NO_COMMON_BLOCKS = YES;
				GCC_WARN_64_TO_32_BIT_CONVERSION = YES;
				GCC_WARN_ABOUT_RETURN_TYPE = YES_ERROR;
				GCC_WARN_UNDECLARED_SELECTOR = YES;
				GCC_WARN_UNINITIALIZED_AUTOS = YES_AGGRESSIVE;
				GCC_WARN_UNUSED_FUNCTION = YES;
				GCC_WARN_UNUSED_VARIABLE = YES;
				IPHONEOS_DEPLOYMENT_TARGET = 12.1;
				MTL_ENABLE_DEBUG_INFO = NO;
				MTL_FAST_MATH = YES;
				SDKROOT = iphoneos;
				SWIFT_COMPILATION_MODE = wholemodule;
				SWIFT_OPTIMIZATION_LEVEL = "-O";
				VALIDATE_PRODUCT = YES;
			};
			name = Release;
		};
		2E43ADB1218CB9560005E43D /* Debug */ = {
			isa = XCBuildConfiguration;
			buildSettings = {
				ASSETCATALOG_COMPILER_APPICON_NAME = AppIcon;
				CODE_SIGN_STYLE = Automatic;
				DEVELOPMENT_TEAM = 4AL46YHYM8;
				INFOPLIST_FILE = "Drinks on Geoff/Info.plist";
				IPHONEOS_DEPLOYMENT_TARGET = 11.0;
				LD_RUNPATH_SEARCH_PATHS = (
					"$(inherited)",
					"@executable_path/Frameworks",
				);
				PRODUCT_BUNDLE_IDENTIFIER = "com.pearseMoloney.Drinks-on-Geoff";
				PRODUCT_NAME = "$(TARGET_NAME)";
				SWIFT_VERSION = 4.2;
				TARGETED_DEVICE_FAMILY = 1;
			};
			name = Debug;
		};
		2E43ADB2218CB9560005E43D /* Release */ = {
			isa = XCBuildConfiguration;
			buildSettings = {
				ASSETCATALOG_COMPILER_APPICON_NAME = AppIcon;
				CODE_SIGN_STYLE = Automatic;
				DEVELOPMENT_TEAM = 4AL46YHYM8;
				INFOPLIST_FILE = "Drinks on Geoff/Info.plist";
				IPHONEOS_DEPLOYMENT_TARGET = 11.0;
				LD_RUNPATH_SEARCH_PATHS = (
					"$(inherited)",
					"@executable_path/Frameworks",
				);
				PRODUCT_BUNDLE_IDENTIFIER = "com.pearseMoloney.Drinks-on-Geoff";
				PRODUCT_NAME = "$(TARGET_NAME)";
				SWIFT_VERSION = 4.2;
				TARGETED_DEVICE_FAMILY = 1;
			};
			name = Release;
		};
/* End XCBuildConfiguration section */

/* Begin XCConfigurationList section */
		2E43AD99218CB9540005E43D /* Build configuration list for PBXProject "Drinks on Geoff" */ = {
			isa = XCConfigurationList;
			buildConfigurations = (
				2E43ADAE218CB9560005E43D /* Debug */,
				2E43ADAF218CB9560005E43D /* Release */,
			);
			defaultConfigurationIsVisible = 0;
			defaultConfigurationName = Release;
		};
		2E43ADB0218CB9560005E43D /* Build configuration list for PBXNativeTarget "Drinks on Geoff" */ = {
			isa = XCConfigurationList;
			buildConfigurations = (
				2E43ADB1218CB9560005E43D /* Debug */,
				2E43ADB2218CB9560005E43D /* Release */,
			);
			defaultConfigurationIsVisible = 0;
			defaultConfigurationName = Release;
		};
/* End XCConfigurationList section */
	};
	rootObject = 2E43AD96218CB9540005E43D /* Project object */;
}
